
Microsoft Visual Studio Solution File, Format Version 12.00
# Visual Studio Version 17
VisualStudioVersion = 17.11.35222.181
MinimumVisualStudioVersion = 10.0.40219.1
Project("{2150E333-8FDC-42A3-9474-1A3956D46DE8}") = "src", "src", "{5B6688B8-8A47-45D7-803A-F988110C83F8}"
EndProject
Project("{FAE04EC0-301F-11D3-BF4B-00C04F79EFBC}") = "DokkanDaily", "src\DokkanDaily\DokkanDaily.csproj", "{179DD97B-2367-4B71-96F0-6F65763E528D}"
EndProject
Global
	GlobalSection(SolutionConfigurationPlatforms) = preSolution
		Debug|Any CPU = Debug|Any CPU
		Release|Any CPU = Release|Any CPU
	EndGlobalSection
	GlobalSection(ProjectConfigurationPlatforms) = postSolution
		{179DD97B-2367-4B71-96F0-6F65763E528D}.Debug|Any CPU.ActiveCfg = Debug|Any CPU
		{179DD97B-2367-4B71-96F0-6F65763E528D}.Debug|Any CPU.Build.0 = Debug|Any CPU
		{179DD97B-2367-4B71-96F0-6F65763E528D}.Release|Any CPU.ActiveCfg = Release|Any CPU
		{179DD97B-2367-4B71-96F0-6F65763E528D}.Release|Any CPU.Build.0 = Release|Any CPU
	EndGlobalSection
	GlobalSection(SolutionProperties) = preSolution
		HideSolutionNode = FALSE
	EndGlobalSection
	GlobalSection(NestedProjects) = preSolution
		{179DD97B-2367-4B71-96F0-6F65763E528D} = {5B6688B8-8A47-45D7-803A-F988110C83F8}
	EndGlobalSection
	GlobalSection(ExtensibilityGlobals) = postSolution
		SolutionGuid = {A0D9FCB5-487F-4522-9081-44D353C18BB9}
	EndGlobalSection
EndGlobal
